
Microsoft Visual Studio Solution File, Format Version 12.00
# Visual Studio 15
VisualStudioVersion = 15.0.27428.2015
MinimumVisualStudioVersion = 10.0.40219.1
Project("{FAE04EC0-301F-11D3-BF4B-00C04F79EFBC}") = "Polymorphism", "Polymorphism\Polymorphism.csproj", "{A5ACD9E4-F235-4D43-9021-8FEB1C865F6D}"
EndProject
Project("{FAE04EC0-301F-11D3-BF4B-00C04F79EFBC}") = "WithoutPolymorphism", "WithoutPolymorphism\WithoutPolymorphism.csproj", "{59282709-490F-40B9-BB84-D0A6D1B8C1ED}"
EndProject
Global
	GlobalSection(SolutionConfigurationPlatforms) = preSolution
		Debug|Any CPU = Debug|Any CPU
		Release|Any CPU = Release|Any CPU
	EndGlobalSection
	GlobalSection(ProjectConfigurationPlatforms) = postSolution
		{A5ACD9E4-F235-4D43-9021-8FEB1C865F6D}.Debug|Any CPU.ActiveCfg = Debug|Any CPU
		{A5ACD9E4-F235-4D43-9021-8FEB1C865F6D}.Debug|Any CPU.Build.0 = Debug|Any CPU
		{A5ACD9E4-F235-4D43-9021-8FEB1C865F6D}.Release|Any CPU.ActiveCfg = Release|Any CPU
		{A5ACD9E4-F235-4D43-9021-8FEB1C865F6D}.Release|Any CPU.Build.0 = Release|Any CPU
		{59282709-490F-40B9-BB84-D0A6D1B8C1ED}.Debug|Any CPU.ActiveCfg = Debug|Any CPU
		{59282709-490F-40B9-BB84-D0A6D1B8C1ED}.Debug|Any CPU.Build.0 = Debug|Any CPU
		{59282709-490F-40B9-BB84-D0A6D1B8C1ED}.Release|Any CPU.ActiveCfg = Release|Any CPU
		{59282709-490F-40B9-BB84-D0A6D1B8C1ED}.Release|Any CPU.Build.0 = Release|Any CPU
	EndGlobalSection
	GlobalSection(SolutionProperties) = preSolution
		HideSolutionNode = FALSE
	EndGlobalSection
	GlobalSection(ExtensibilityGlobals) = postSolution
		SolutionGuid = {1B545762-3E2E-4EF0-B391-26F4E7E2374F}
	EndGlobalSection
EndGlobal
